// !$*UTF8*$!
{
	archiveVersion = 1;
	classes = {
	};
	objectVersion = 56;
	objects = {

/* Begin PBXBuildFile section */
		8BFEF5102B772648002901D7 /* AppDelegate.swift in Sources */ = {isa = PBXBuildFile; fileRef = 8BFEF50F2B772648002901D7 /* AppDelegate.swift */; };
		8BFEF5122B772648002901D7 /* SceneDelegate.swift in Sources */ = {isa = PBXBuildFile; fileRef = 8BFEF5112B772648002901D7 /* SceneDelegate.swift */; };
		8BFEF5142B772648002901D7 /* ViewController.swift in Sources */ = {isa = PBXBuildFile; fileRef = 8BFEF5132B772648002901D7 /* ViewController.swift */; };
		8BFEF5172B772648002901D7 /* Main.storyboard in Resources */ = {isa = PBXBuildFile; fileRef = 8BFEF5152B772648002901D7 /* Main.storyboard */; };
		8BFEF5192B772648002901D7 /* Assets.xcassets in Resources */ = {isa = PBXBuildFile; fileRef = 8BFEF5182B772648002901D7 /* Assets.xcassets */; };
		8BFEF51C2B772648002901D7 /* LaunchScreen.storyboard in Resources */ = {isa = PBXBuildFile; fileRef = 8BFEF51A2B772648002901D7 /* LaunchScreen.storyboard */; };
		8BFEF5272B772649002901D7 /* multipage_assignmentTests.swift in Sources */ = {isa = PBXBuildFile; fileRef = 8BFEF5262B772649002901D7 /* multipage_assignmentTests.swift */; };
		8BFEF5312B772649002901D7 /* multipage_assignmentUITests.swift in Sources */ = {isa = PBXBuildFile; fileRef = 8BFEF5302B772649002901D7 /* multipage_assignmentUITests.swift */; };
		8BFEF5332B772649002901D7 /* multipage_assignmentUITestsLaunchTests.swift in Sources */ = {isa = PBXBuildFile; fileRef = 8BFEF5322B772649002901D7 /* multipage_assignmentUITestsLaunchTests.swift */; };
/* End PBXBuildFile section */

/* Begin PBXContainerItemProxy section */
		8BFEF5232B772649002901D7 /* PBXContainerItemProxy */ = {
			isa = PBXContainerItemProxy;
			containerPortal = 8BFEF5042B772648002901D7 /* Project object */;
			proxyType = 1;
			remoteGlobalIDString = 8BFEF50B2B772648002901D7;
			remoteInfo = multipage_assignment;
		};
		8BFEF52D2B772649002901D7 /* PBXContainerItemProxy */ = {
			isa = PBXContainerItemProxy;
			containerPortal = 8BFEF5042B772648002901D7 /* Project object */;
			proxyType = 1;
			remoteGlobalIDString = 8BFEF50B2B772648002901D7;
			remoteInfo = multipage_assignment;
		};
/* End PBXContainerItemProxy section */

/* Begin PBXFileReference section */
		8BFEF50C2B772648002901D7 /* multipage_assignment.app */ = {isa = PBXFileReference; explicitFileType = wrapper.application; includeInIndex = 0; path = multipage_assignment.app; sourceTree = BUILT_PRODUCTS_DIR; };
		8BFEF50F2B772648002901D7 /* AppDelegate.swift */ = {isa = PBXFileReference; lastKnownFileType = sourcecode.swift; path = AppDelegate.swift; sourceTree = "<group>"; };
		8BFEF5112B772648002901D7 /* SceneDelegate.swift */ = {isa = PBXFileReference; lastKnownFileType = sourcecode.swift; path = SceneDelegate.swift; sourceTree = "<group>"; };
		8BFEF5132B772648002901D7 /* ViewController.swift */ = {isa = PBXFileReference; lastKnownFileType = sourcecode.swift; path = ViewController.swift; sourceTree = "<group>"; };
		8BFEF5162B772648002901D7 /* Base */ = {isa = PBXFileReference; lastKnownFileType = file.storyboard; name = Base; path = Base.lproj/Main.storyboard; sourceTree = "<group>"; };
		8BFEF5182B772648002901D7 /* Assets.xcassets */ = {isa = PBXFileReference; lastKnownFileType = folder.assetcatalog; path = Assets.xcassets; sourceTree = "<group>"; };
		8BFEF51B2B772648002901D7 /* Base */ = {isa = PBXFileReference; lastKnownFileType = file.storyboard; name = Base; path = Base.lproj/LaunchScreen.storyboard; sourceTree = "<group>"; };
		8BFEF51D2B772648002901D7 /* Info.plist */ = {isa = PBXFileReference; lastKnownFileType = text.plist.xml; path = Info.plist; sourceTree = "<group>"; };
		8BFEF5222B772649002901D7 /* multipage_assignmentTests.xctest */ = {isa = PBXFileReference; explicitFileType = wrapper.cfbundle; includeInIndex = 0; path = multipage_assignmentTests.xctest; sourceTree = BUILT_PRODUCTS_DIR; };
		8BFEF5262B772649002901D7 /* multipage_assignmentTests.swift */ = {isa = PBXFileReference; lastKnownFileType = sourcecode.swift; path = multipage_assignmentTests.swift; sourceTree = "<group>"; };
		8BFEF52C2B772649002901D7 /* multipage_assignmentUITests.xctest */ = {isa = PBXFileReference; explicitFileType = wrapper.cfbundle; includeInIndex = 0; path = multipage_assignmentUITests.xctest; sourceTree = BUILT_PRODUCTS_DIR; };
		8BFEF5302B772649002901D7 /* multipage_assignmentUITests.swift */ = {isa = PBXFileReference; lastKnownFileType = sourcecode.swift; path = multipage_assignmentUITests.swift; sourceTree = "<group>"; };
		8BFEF5322B772649002901D7 /* multipage_assignmentUITestsLaunchTests.swift */ = {isa = PBXFileReference; lastKnownFileType = sourcecode.swift; path = multipage_assignmentUITestsLaunchTests.swift; sourceTree = "<group>"; };
/* End PBXFileReference section */

/* Begin PBXFrameworksBuildPhase section */
		8BFEF5092B772648002901D7 /* Frameworks */ = {
			isa = PBXFrameworksBuildPhase;
			buildActionMask = 2147483647;
			files = (
			);
			runOnlyForDeploymentPostprocessing = 0;
		};
		8BFEF51F2B772649002901D7 /* Frameworks */ = {
			isa = PBXFrameworksBuildPhase;
			buildActionMask = 2147483647;
			files = (
			);
			runOnlyForDeploymentPostprocessing = 0;
		};
		8BFEF5292B772649002901D7 /* Frameworks */ = {
			isa = PBXFrameworksBuildPhase;
			buildActionMask = 2147483647;
			files = (
			);
			runOnlyForDeploymentPostprocessing = 0;
		};
/* End PBXFrameworksBuildPhase section */

/* Begin PBXGroup section */
		8BFEF5032B772648002901D7 = {
			isa = PBXGroup;
			children = (
				8BFEF50E2B772648002901D7 /* multipage_assignment */,
				8BFEF5252B772649002901D7 /* multipage_assignmentTests */,
				8BFEF52F2B772649002901D7 /* multipage_assignmentUITests */,
				8BFEF50D2B772648002901D7 /* Products */,
			);
			sourceTree = "<group>";
		};
		8BFEF50D2B772648002901D7 /* Products */ = {
			isa = PBXGroup;
			children = (
				8BFEF50C2B772648002901D7 /* multipage_assignment.app */,
				8BFEF5222B772649002901D7 /* multipage_assignmentTests.xctest */,
				8BFEF52C2B772649002901D7 /* multipage_assignmentUITests.xctest */,
			);
			name = Products;
			sourceTree = "<group>";
		};
		8BFEF50E2B772648002901D7 /* multipage_assignment */ = {
			isa = PBXGroup;
			children = (
				8BFEF50F2B772648002901D7 /* AppDelegate.swift */,
				8BFEF5112B772648002901D7 /* SceneDelegate.swift */,
				8BFEF5132B772648002901D7 /* ViewController.swift */,
				8BFEF5152B772648002901D7 /* Main.storyboard */,
				8BFEF5182B772648002901D7 /* Assets.xcassets */,
				8BFEF51A2B772648002901D7 /* LaunchScreen.storyboard */,
				8BFEF51D2B772648002901D7 /* Info.plist */,
			);
			path = multipage_assignment;
			sourceTree = "<group>";
		};
		8BFEF5252B772649002901D7 /* multipage_assignmentTests */ = {
			isa = PBXGroup;
			children = (
				8BFEF5262B772649002901D7 /* multipage_assignmentTests.swift */,
			);
			path = multipage_assignmentTests;
			sourceTree = "<group>";
		};
		8BFEF52F2B772649002901D7 /* multipage_assignmentUITests */ = {
			isa = PBXGroup;
			children = (
				8BFEF5302B772649002901D7 /* multipage_assignmentUITests.swift */,
				8BFEF5322B772649002901D7 /* multipage_assignmentUITestsLaunchTests.swift */,
			);
			path = multipage_assignmentUITests;
			sourceTree = "<group>";
		};
/* End PBXGroup section */

/* Begin PBXNativeTarget section */
		8BFEF50B2B772648002901D7 /* multipage_assignment */ = {
			isa = PBXNativeTarget;
			buildConfigurationList = 8BFEF5362B772649002901D7 /* Build configuration list for PBXNativeTarget "multipage_assignment" */;
			buildPhases = (
				8BFEF5082B772648002901D7 /* Sources */,
				8BFEF5092B772648002901D7 /* Frameworks */,
				8BFEF50A2B772648002901D7 /* Resources */,
			);
			buildRules = (
			);
			dependencies = (
			);
			name = multipage_assignment;
			productName = multipage_assignment;
			productReference = 8BFEF50C2B772648002901D7 /* multipage_assignment.app */;
			productType = "com.apple.product-type.application";
		};
		8BFEF5212B772649002901D7 /* multipage_assignmentTests */ = {
			isa = PBXNativeTarget;
			buildConfigurationList = 8BFEF5392B772649002901D7 /* Build configuration list for PBXNativeTarget "multipage_assignmentTests" */;
			buildPhases = (
				8BFEF51E2B772649002901D7 /* Sources */,
				8BFEF51F2B772649002901D7 /* Frameworks */,
				8BFEF5202B772649002901D7 /* Resources */,
			);
			buildRules = (
			);
			dependencies = (
				8BFEF5242B772649002901D7 /* PBXTargetDependency */,
			);
			name = multipage_assignmentTests;
			productName = multipage_assignmentTests;
			productReference = 8BFEF5222B772649002901D7 /* multipage_assignmentTests.xctest */;
			productType = "com.apple.product-type.bundle.unit-test";
		};
		8BFEF52B2B772649002901D7 /* multipage_assignmentUITests */ = {
			isa = PBXNativeTarget;
			buildConfigurationList = 8BFEF53C2B772649002901D7 /* Build configuration list for PBXNativeTarget "multipage_assignmentUITests" */;
			buildPhases = (
				8BFEF5282B772649002901D7 /* Sources */,
				8BFEF5292B772649002901D7 /* Frameworks */,
				8BFEF52A2B772649002901D7 /* Resources */,
			);
			buildRules = (
			);
			dependencies = (
				8BFEF52E2B772649002901D7 /* PBXTargetDependency */,
			);
			name = multipage_assignmentUITests;
			productName = multipage_assignmentUITests;
			productReference = 8BFEF52C2B772649002901D7 /* multipage_assignmentUITests.xctest */;
			productType = "com.apple.product-type.bundle.ui-testing";
		};
/* End PBXNativeTarget section */

/* Begin PBXProject section */
		8BFEF5042B772648002901D7 /* Project object */ = {
			isa = PBXProject;
			attributes = {
				BuildIndependentTargetsInParallel = 1;
				LastSwiftUpdateCheck = 1420;
				LastUpgradeCheck = 1420;
				TargetAttributes = {
					8BFEF50B2B772648002901D7 = {
						CreatedOnToolsVersion = 14.2;
					};
					8BFEF5212B772649002901D7 = {
						CreatedOnToolsVersion = 14.2;
						TestTargetID = 8BFEF50B2B772648002901D7;
					};
					8BFEF52B2B772649002901D7 = {
						CreatedOnToolsVersion = 14.2;
						TestTargetID = 8BFEF50B2B772648002901D7;
					};
				};
			};
			buildConfigurationList = 8BFEF5072B772648002901D7 /* Build configuration list for PBXProject "multipage_assignment" */;
			compatibilityVersion = "Xcode 14.0";
			developmentRegion = en;
			hasScannedForEncodings = 0;
			knownRegions = (
				en,
				Base,
			);
			mainGroup = 8BFEF5032B772648002901D7;
			productRefGroup = 8BFEF50D2B772648002901D7 /* Products */;
			projectDirPath = "";
			projectRoot = "";
			targets = (
				8BFEF50B2B772648002901D7 /* multipage_assignment */,
				8BFEF5212B772649002901D7 /* multipage_assignmentTests */,
				8BFEF52B2B772649002901D7 /* multipage_assignmentUITests */,
			);
		};
/* End PBXProject section */

/* Begin PBXResourcesBuildPhase section */
		8BFEF50A2B772648002901D7 /* Resources */ = {
			isa = PBXResourcesBuildPhase;
			buildActionMask = 2147483647;
			files = (
				8BFEF51C2B772648002901D7 /* LaunchScreen.storyboard in Resources */,
				8BFEF5192B772648002901D7 /* Assets.xcassets in Resources */,
				8BFEF5172B772648002901D7 /* Main.storyboard in Resources */,
			);
			runOnlyForDeploymentPostprocessing = 0;
		};
		8BFEF5202B772649002901D7 /* Resources */ = {
			isa = PBXResourcesBuildPhase;
			buildActionMask = 2147483647;
			files = (
			);
			runOnlyForDeploymentPostprocessing = 0;
		};
		8BFEF52A2B772649002901D7 /* Resources */ = {
			isa = PBXResourcesBuildPhase;
			buildActionMask = 2147483647;
			files = (
			);
			runOnlyForDeploymentPostprocessing = 0;
		};
/* End PBXResourcesBuildPhase section */

/* Begin PBXSourcesBuildPhase section */
		8BFEF5082B772648002901D7 /* Sources */ = {
			isa = PBXSourcesBuildPhase;
			buildActionMask = 2147483647;
			files = (
				8BFEF5142B772648002901D7 /* ViewController.swift in Sources */,
				8BFEF5102B772648002901D7 /* AppDelegate.swift in Sources */,
				8BFEF5122B772648002901D7 /* SceneDelegate.swift in Sources */,
			);
			runOnlyForDeploymentPostprocessing = 0;
		};
		8BFEF51E2B772649002901D7 /* Sources */ = {
			isa = PBXSourcesBuildPhase;
			buildActionMask = 2147483647;
			files = (
				8BFEF5272B772649002901D7 /* multipage_assignmentTests.swift in Sources */,
			);
			runOnlyForDeploymentPostprocessing = 0;
		};
		8BFEF5282B772649002901D7 /* Sources */ = {
			isa = PBXSourcesBuildPhase;
			buildActionMask = 2147483647;
			files = (
				8BFEF5332B772649002901D7 /* multipage_assignmentUITestsLaunchTests.swift in Sources */,
				8BFEF5312B772649002901D7 /* multipage_assignmentUITests.swift in Sources */,
			);
			runOnlyForDeploymentPostprocessing = 0;
		};
/* End PBXSourcesBuildPhase section */

/* Begin PBXTargetDependency section */
		8BFEF5242B772649002901D7 /* PBXTargetDependency */ = {
			isa = PBXTargetDependency;
			target = 8BFEF50B2B772648002901D7 /* multipage_assignment */;
			targetProxy = 8BFEF5232B772649002901D7 /* PBXContainerItemProxy */;
		};
		8BFEF52E2B772649002901D7 /* PBXTargetDependency */ = {
			isa = PBXTargetDependency;
			target = 8BFEF50B2B772648002901D7 /* multipage_assignment */;
			targetProxy = 8BFEF52D2B772649002901D7 /* PBXContainerItemProxy */;
		};
/* End PBXTargetDependency section */

/* Begin PBXVariantGroup section */
		8BFEF5152B772648002901D7 /* Main.storyboard */ = {
			isa = PBXVariantGroup;
			children = (
				8BFEF5162B772648002901D7 /* Base */,
			);
			name = Main.storyboard;
			sourceTree = "<group>";
		};
		8BFEF51A2B772648002901D7 /* LaunchScreen.storyboard */ = {
			isa = PBXVariantGroup;
			children = (
				8BFEF51B2B772648002901D7 /* Base */,
			);
			name = LaunchScreen.storyboard;
			sourceTree = "<group>";
		};
/* End PBXVariantGroup section */

/* Begin XCBuildConfiguration section */
		8BFEF5342B772649002901D7 /* Debug */ = {
			isa = XCBuildConfiguration;
			buildSettings = {
				ALWAYS_SEARCH_USER_PATHS = NO;
				CLANG_ANALYZER_NONNULL = YES;
				CLANG_ANALYZER_NUMBER_OBJECT_CONVERSION = YES_AGGRESSIVE;
				CLANG_CXX_LANGUAGE_STANDARD = "gnu++20";
				CLANG_ENABLE_MODULES = YES;
				CLANG_ENABLE_OBJC_ARC = YES;
				CLANG_ENABLE_OBJC_WEAK = YES;
				CLANG_WARN_BLOCK_CAPTURE_AUTORELEASING = YES;
				CLANG_WARN_BOOL_CONVERSION = YES;
				CLANG_WARN_COMMA = YES;
				CLANG_WARN_CONSTANT_CONVERSION = YES;
				CLANG_WARN_DEPRECATED_OBJC_IMPLEMENTATIONS = YES;
				CLANG_WARN_DIRECT_OBJC_ISA_USAGE = YES_ERROR;
				CLANG_WARN_DOCUMENTATION_COMMENTS = YES;
				CLANG_WARN_EMPTY_BODY = YES;
				CLANG_WARN_ENUM_CONVERSION = YES;
				CLANG_WARN_INFINITE_RECURSION = YES;
				CLANG_WARN_INT_CONVERSION = YES;
				CLANG_WARN_NON_LITERAL_NULL_CONVERSION = YES;
				CLANG_WARN_OBJC_IMPLICIT_RETAIN_SELF = YES;
				CLANG_WARN_OBJC_LITERAL_CONVERSION = YES;
				CLANG_WARN_OBJC_ROOT_CLASS = YES_ERROR;
				CLANG_WARN_QUOTED_INCLUDE_IN_FRAMEWORK_HEADER = YES;
				CLANG_WARN_RANGE_LOOP_ANALYSIS = YES;
				CLANG_WARN_STRICT_PROTOTYPES = YES;
				CLANG_WARN_SUSPICIOUS_MOVE = YES;
				CLANG_WARN_UNGUARDED_AVAILABILITY = YES_AGGRESSIVE;
				CLANG_WARN_UNREACHABLE_CODE = YES;
				CLANG_WARN__DUPLICATE_METHOD_MATCH = YES;
				COPY_PHASE_STRIP = NO;
				DEBUG_INFORMATION_FORMAT = dwarf;
				ENABLE_STRICT_OBJC_MSGSEND = YES;
				ENABLE_TESTABILITY = YES;
				GCC_C_LANGUAGE_STANDARD = gnu11;
				GCC_DYNAMIC_NO_PIC = NO;
				GCC_NO_COMMON_BLOCKS = YES;
				GCC_OPTIMIZATION_LEVEL = 0;
				GCC_PREPROCESSOR_DEFINITIONS = (
					"DEBUG=1",
					"$(inherited)",
				);
				GCC_WARN_64_TO_32_BIT_CONVERSION = YES;
				GCC_WARN_ABOUT_RETURN_TYPE = YES_ERROR;
				GCC_WARN_UNDECLARED_SELECTOR = YES;
				GCC_WARN_UNINITIALIZED_AUTOS = YES_AGGRESSIVE;
				GCC_WARN_UNUSED_FUNCTION = YES;
				GCC_WARN_UNUSED_VARIABLE = YES;
				IPHONEOS_DEPLOYMENT_TARGET = 16.2;
				MTL_ENABLE_DEBUG_INFO = INCLUDE_SOURCE;
				MTL_FAST_MATH = YES;
				ONLY_ACTIVE_ARCH = YES;
				SDKROOT = iphoneos;
				SWIFT_ACTIVE_COMPILATION_CONDITIONS = DEBUG;
				SWIFT_OPTIMIZATION_LEVEL = "-Onone";
			};
			name = Debug;
		};
		8BFEF5352B772649002901D7 /* Release */ = {
			isa = XCBuildConfiguration;
			buildSettings = {
				ALWAYS_SEARCH_USER_PATHS = NO;
				CLANG_ANALYZER_NONNULL = YES;
				CLANG_ANALYZER_NUMBER_OBJECT_CONVERSION = YES_AGGRESSIVE;
				CLANG_CXX_LANGUAGE_STANDARD = "gnu++20";
				CLANG_ENABLE_MODULES = YES;
				CLANG_ENABLE_OBJC_ARC = YES;
				CLANG_ENABLE_OBJC_WEAK = YES;
				CLANG_WARN_BLOCK_CAPTURE_AUTORELEASING = YES;
				CLANG_WARN_BOOL_CONVERSION = YES;
				CLANG_WARN_COMMA = YES;
				CLANG_WARN_CONSTANT_CONVERSION = YES;
				CLANG_WARN_DEPRECATED_OBJC_IMPLEMENTATIONS = YES;
				CLANG_WARN_DIRECT_OBJC_ISA_USAGE = YES_ERROR;
				CLANG_WARN_DOCUMENTATION_COMMENTS = YES;
				CLANG_WARN_EMPTY_BODY = YES;
				CLANG_WARN_ENUM_CONVERSION = YES;
				CLANG_WARN_INFINITE_RECURSION = YES;
				CLANG_WARN_INT_CONVERSION = YES;
				CLANG_WARN_NON_LITERAL_NULL_CONVERSION = YES;
				CLANG_WARN_OBJC_IMPLICIT_RETAIN_SELF = YES;
				CLANG_WARN_OBJC_LITERAL_CONVERSION = YES;
				CLANG_WARN_OBJC_ROOT_CLASS = YES_ERROR;
				CLANG_WARN_QUOTED_INCLUDE_IN_FRAMEWORK_HEADER = YES;
				CLANG_WARN_RANGE_LOOP_ANALYSIS = YES;
				CLANG_WARN_STRICT_PROTOTYPES = YES;
				CLANG_WARN_SUSPICIOUS_MOVE = YES;
				CLANG_WARN_UNGUARDED_AVAILABILITY = YES_AGGRESSIVE;
				CLANG_WARN_UNREACHABLE_CODE = YES;
				CLANG_WARN__DUPLICATE_METHOD_MATCH = YES;
				COPY_PHASE_STRIP = NO;
				DEBUG_INFORMATION_FORMAT = "dwarf-with-dsym";
				ENABLE_NS_ASSERTIONS = NO;
				ENABLE_STRICT_OBJC_MSGSEND = YES;
				GCC_C_LANGUAGE_STANDARD = gnu11;
				GCC_NO_COMMON_BLOCKS = YES;
				GCC_WARN_64_TO_32_BIT_CONVERSION = YES;
				GCC_WARN_ABOUT_RETURN_TYPE = YES_ERROR;
				GCC_WARN_UNDECLARED_SELECTOR = YES;
				GCC_WARN_UNINITIALIZED_AUTOS = YES_AGGRESSIVE;
				GCC_WARN_UNUSED_FUNCTION = YES;
				GCC_WARN_UNUSED_VARIABLE = YES;
				IPHONEOS_DEPLOYMENT_TARGET = 16.2;
				MTL_ENABLE_DEBUG_INFO = NO;
				MTL_FAST_MATH = YES;
				SDKROOT = iphoneos;
				SWIFT_COMPILATION_MODE = wholemodule;
				SWIFT_OPTIMIZATION_LEVEL = "-O";
				VALIDATE_PRODUCT = YES;
			};
			name = Release;
		};
		8BFEF5372B772649002901D7 /* Debug */ = {
			isa = XCBuildConfiguration;
			buildSettings = {
				ASSETCATALOG_COMPILER_APPICON_NAME = AppIcon;
				ASSETCATALOG_COMPILER_GLOBAL_ACCENT_COLOR_NAME = AccentColor;
				CODE_SIGN_STYLE = Automatic;
				CURRENT_PROJECT_VERSION = 1;
				GENERATE_INFOPLIST_FILE = YES;
				INFOPLIST_FILE = multipage_assignment/Info.plist;
				INFOPLIST_KEY_UIApplicationSupportsIndirectInputEvents = YES;
				INFOPLIST_KEY_UILaunchStoryboardName = LaunchScreen;
				INFOPLIST_KEY_UIMainStoryboardFile = Main;
				INFOPLIST_KEY_UISupportedInterfaceOrientations_iPad = "UIInterfaceOrientationPortrait UIInterfaceOrientationPortraitUpsideDown UIInterfaceOrientationLandscapeLeft UIInterfaceOrientationLandscapeRight";
				INFOPLIST_KEY_UISupportedInterfaceOrientations_iPhone = "UIInterfaceOrientationPortrait UIInterfaceOrientationLandscapeLeft UIInterfaceOrientationLandscapeRight";
				LD_RUNPATH_SEARCH_PATHS = (
					"$(inherited)",
					"@executable_path/Frameworks",
				);
				MARKETING_VERSION = 1.0;
				PRODUCT_BUNDLE_IDENTIFIER = "Com.conestoga-week3.multipage-assignment";
				PRODUCT_NAME = "$(TARGET_NAME)";
				SWIFT_EMIT_LOC_STRINGS = YES;
				SWIFT_VERSION = 5.0;
				TARGETED_DEVICE_FAMILY = "1,2";
			};
			name = Debug;
		};
		8BFEF5382B772649002901D7 /* Release */ = {
			isa = XCBuildConfiguration;
			buildSettings = {
				ASSETCATALOG_COMPILER_APPICON_NAME = AppIcon;
				ASSETCATALOG_COMPILER_GLOBAL_ACCENT_COLOR_NAME = AccentColor;
				CODE_SIGN_STYLE = Automatic;
				CURRENT_PROJECT_VERSION = 1;
				GENERATE_INFOPLIST_FILE = YES;
				INFOPLIST_FILE = multipage_assignment/Info.plist;
				INFOPLIST_KEY_UIApplicationSupportsIndirectInputEvents = YES;
				INFOPLIST_KEY_UILaunchStoryboardName = LaunchScreen;
				INFOPLIST_KEY_UIMainStoryboardFile = Main;
				INFOPLIST_KEY_UISupportedInterfaceOrientations_iPad = "UIInterfaceOrientationPortrait UIInterfaceOrientationPortraitUpsideDown UIInterfaceOrientationLandscapeLeft UIInterfaceOrientationLandscapeRight";
				INFOPLIST_KEY_UISupportedInterfaceOrientations_iPhone = "UIInterfaceOrientationPortrait UIInterfaceOrientationLandscapeLeft UIInterfaceOrientationLandscapeRight";
				LD_RUNPATH_SEARCH_PATHS = (
					"$(inherited)",
					"@executable_path/Frameworks",
				);
				MARKETING_VERSION = 1.0;
				PRODUCT_BUNDLE_IDENTIFIER = "Com.conestoga-week3.multipage-assignment";
				PRODUCT_NAME = "$(TARGET_NAME)";
				SWIFT_EMIT_LOC_STRINGS = YES;
				SWIFT_VERSION = 5.0;
				TARGETED_DEVICE_FAMILY = "1,2";
			};
			name = Release;
		};
		8BFEF53A2B772649002901D7 /* Debug */ = {
			isa = XCBuildConfiguration;
			buildSettings = {
				ALWAYS_EMBED_SWIFT_STANDARD_LIBRARIES = YES;
				BUNDLE_LOADER = "$(TEST_HOST)";
				CODE_SIGN_STYLE = Automatic;
				CURRENT_PROJECT_VERSION = 1;
				GENERATE_INFOPLIST_FILE = YES;
				IPHONEOS_DEPLOYMENT_TARGET = 16.2;
				MARKETING_VERSION = 1.0;
				PRODUCT_BUNDLE_IDENTIFIER = "Com.conestoga-week3.multipage-assignmentTests";
				PRODUCT_NAME = "$(TARGET_NAME)";
				SWIFT_EMIT_LOC_STRINGS = NO;
				SWIFT_VERSION = 5.0;
				TARGETED_DEVICE_FAMILY = "1,2";
				TEST_HOST = "$(BUILT_PRODUCTS_DIR)/multipage_assignment.app/$(BUNDLE_EXECUTABLE_FOLDER_PATH)/multipage_assignment";
			};
			name = Debug;
		};
		8BFEF53B2B772649002901D7 /* Release */ = {
			isa = XCBuildConfiguration;
			buildSettings = {
				ALWAYS_EMBED_SWIFT_STANDARD_LIBRARIES = YES;
				BUNDLE_LOADER = "$(TEST_HOST)";
				CODE_SIGN_STYLE = Automatic;
				CURRENT_PROJECT_VERSION = 1;
				GENERATE_INFOPLIST_FILE = YES;
				IPHONEOS_DEPLOYMENT_TARGET = 16.2;
				MARKETING_VERSION = 1.0;
				PRODUCT_BUNDLE_IDENTIFIER = "Com.conestoga-week3.multipage-assignmentTests";
				PRODUCT_NAME = "$(TARGET_NAME)";
				SWIFT_EMIT_LOC_STRINGS = NO;
				SWIFT_VERSION = 5.0;
				TARGETED_DEVICE_FAMILY = "1,2";
				TEST_HOST = "$(BUILT_PRODUCTS_DIR)/multipage_assignment.app/$(BUNDLE_EXECUTABLE_FOLDER_PATH)/multipage_assignment";
			};
			name = Release;
		};
		8BFEF53D2B772649002901D7 /* Debug */ = {
			isa = XCBuildConfiguration;
			buildSettings = {
				ALWAYS_EMBED_SWIFT_STANDARD_LIBRARIES = YES;
				CODE_SIGN_STYLE = Automatic;
				CURRENT_PROJECT_VERSION = 1;
				GENERATE_INFOPLIST_FILE = YES;
				MARKETING_VERSION = 1.0;
				PRODUCT_BUNDLE_IDENTIFIER = "Com.conestoga-week3.multipage-assignmentUITests";
				PRODUCT_NAME = "$(TARGET_NAME)";
				SWIFT_EMIT_LOC_STRINGS = NO;
				SWIFT_VERSION = 5.0;
				TARGETED_DEVICE_FAMILY = "1,2";
				TEST_TARGET_NAME = multipage_assignment;
			};
			name = Debug;
		};
		8BFEF53E2B772649002901D7 /* Release */ = {
			isa = XCBuildConfiguration;
			buildSettings = {
				ALWAYS_EMBED_SWIFT_STANDARD_LIBRARIES = YES;
				CODE_SIGN_STYLE = Automatic;
				CURRENT_PROJECT_VERSION = 1;
				GENERATE_INFOPLIST_FILE = YES;
				MARKETING_VERSION = 1.0;
				PRODUCT_BUNDLE_IDENTIFIER = "Com.conestoga-week3.multipage-assignmentUITests";
				PRODUCT_NAME = "$(TARGET_NAME)";
				SWIFT_EMIT_LOC_STRINGS = NO;
				SWIFT_VERSION = 5.0;
				TARGETED_DEVICE_FAMILY = "1,2";
				TEST_TARGET_NAME = multipage_assignment;
			};
			name = Release;
		};
/* End XCBuildConfiguration section */

/* Begin XCConfigurationList section */
		8BFEF5072B772648002901D7 /* Build configuration list for PBXProject "multipage_assignment" */ = {
			isa = XCConfigurationList;
			buildConfigurations = (
				8BFEF5342B772649002901D7 /* Debug */,
				8BFEF5352B772649002901D7 /* Release */,
			);
			defaultConfigurationIsVisible = 0;
			defaultConfigurationName = Release;
		};
		8BFEF5362B772649002901D7 /* Build configuration list for PBXNativeTarget "multipage_assignment" */ = {
			isa = XCConfigurationList;
			buildConfigurations = (
				8BFEF5372B772649002901D7 /* Debug */,
				8BFEF5382B772649002901D7 /* Release */,
			);
			defaultConfigurationIsVisible = 0;
			defaultConfigurationName = Release;
		};
		8BFEF5392B772649002901D7 /* Build configuration list for PBXNativeTarget "multipage_assignmentTests" */ = {
			isa = XCConfigurationList;
			buildConfigurations = (
				8BFEF53A2B772649002901D7 /* Debug */,
				8BFEF53B2B772649002901D7 /* Release */,
			);
			defaultConfigurationIsVisible = 0;
			defaultConfigurationName = Release;
		};
		8BFEF53C2B772649002901D7 /* Build configuration list for PBXNativeTarget "multipage_assignmentUITests" */ = {
			isa = XCConfigurationList;
			buildConfigurations = (
				8BFEF53D2B772649002901D7 /* Debug */,
				8BFEF53E2B772649002901D7 /* Release */,
			);
			defaultConfigurationIsVisible = 0;
			defaultConfigurationName = Release;
		};
/* End XCConfigurationList section */
	};
	rootObject = 8BFEF5042B772648002901D7 /* Project object */;
}
